// !$*UTF8*$!
{
	archiveVersion = 1;
	classes = {
	};
	objectVersion = 56;
	objects = {

/* Begin PBXBuildFile section */
		2CF878DA2A0507DD008B2AA8 /* NewTCAExampleApp.swift in Sources */ = {isa = PBXBuildFile; fileRef = 2CF878D92A0507DD008B2AA8 /* NewTCAExampleApp.swift */; };
		2CF878DE2A0507DE008B2AA8 /* Assets.xcassets in Resources */ = {isa = PBXBuildFile; fileRef = 2CF878DD2A0507DE008B2AA8 /* Assets.xcassets */; };
		2CF878E12A0507DE008B2AA8 /* Preview Assets.xcassets in Resources */ = {isa = PBXBuildFile; fileRef = 2CF878E02A0507DE008B2AA8 /* Preview Assets.xcassets */; };
		2CF878E92A05088A008B2AA8 /* ComposableArchitecture in Frameworks */ = {isa = PBXBuildFile; productRef = 2CF878E82A05088A008B2AA8 /* ComposableArchitecture */; };
		2CF878F62A051045008B2AA8 /* NewTCAExampleTests.swift in Sources */ = {isa = PBXBuildFile; fileRef = 2CF878F52A051045008B2AA8 /* NewTCAExampleTests.swift */; };
		2CF878FD2A05187A008B2AA8 /* Root.swift in Sources */ = {isa = PBXBuildFile; fileRef = 2CF878FC2A05187A008B2AA8 /* Root.swift */; };
		2CF878FF2A0525F6008B2AA8 /* NavigationFeature.swift in Sources */ = {isa = PBXBuildFile; fileRef = 2CF878FE2A0525F6008B2AA8 /* NavigationFeature.swift */; };
		2CF879012A098FBD008B2AA8 /* StackNavFeature.swift in Sources */ = {isa = PBXBuildFile; fileRef = 2CF879002A098FBD008B2AA8 /* StackNavFeature.swift */; };
		2CF879032A0A1E72008B2AA8 /* ItemFeature.swift in Sources */ = {isa = PBXBuildFile; fileRef = 2CF879022A0A1E72008B2AA8 /* ItemFeature.swift */; };
/* End PBXBuildFile section */

/* Begin PBXContainerItemProxy section */
		2CF878F72A051045008B2AA8 /* PBXContainerItemProxy */ = {
			isa = PBXContainerItemProxy;
			containerPortal = 2CF878CE2A0507DD008B2AA8 /* Project object */;
			proxyType = 1;
			remoteGlobalIDString = 2CF878D52A0507DD008B2AA8;
			remoteInfo = NewTCAExample;
		};
/* End PBXContainerItemProxy section */

/* Begin PBXFileReference section */
		2CF878D62A0507DD008B2AA8 /* NewTCAExample.app */ = {isa = PBXFileReference; explicitFileType = wrapper.application; includeInIndex = 0; path = NewTCAExample.app; sourceTree = BUILT_PRODUCTS_DIR; };
		2CF878D92A0507DD008B2AA8 /* NewTCAExampleApp.swift */ = {isa = PBXFileReference; lastKnownFileType = sourcecode.swift; path = NewTCAExampleApp.swift; sourceTree = "<group>"; };
		2CF878DD2A0507DE008B2AA8 /* Assets.xcassets */ = {isa = PBXFileReference; lastKnownFileType = folder.assetcatalog; path = Assets.xcassets; sourceTree = "<group>"; };
		2CF878E02A0507DE008B2AA8 /* Preview Assets.xcassets */ = {isa = PBXFileReference; lastKnownFileType = folder.assetcatalog; path = "Preview Assets.xcassets"; sourceTree = "<group>"; };
		2CF878F32A051045008B2AA8 /* NewTCAExampleTests.xctest */ = {isa = PBXFileReference; explicitFileType = wrapper.cfbundle; includeInIndex = 0; path = NewTCAExampleTests.xctest; sourceTree = BUILT_PRODUCTS_DIR; };
		2CF878F52A051045008B2AA8 /* NewTCAExampleTests.swift */ = {isa = PBXFileReference; lastKnownFileType = sourcecode.swift; path = NewTCAExampleTests.swift; sourceTree = "<group>"; };
		2CF878FC2A05187A008B2AA8 /* Root.swift */ = {isa = PBXFileReference; lastKnownFileType = sourcecode.swift; path = Root.swift; sourceTree = "<group>"; };
		2CF878FE2A0525F6008B2AA8 /* NavigationFeature.swift */ = {isa = PBXFileReference; lastKnownFileType = sourcecode.swift; path = NavigationFeature.swift; sourceTree = "<group>"; };
		2CF879002A098FBD008B2AA8 /* StackNavFeature.swift */ = {isa = PBXFileReference; lastKnownFileType = sourcecode.swift; path = StackNavFeature.swift; sourceTree = "<group>"; };
		2CF879022A0A1E72008B2AA8 /* ItemFeature.swift */ = {isa = PBXFileReference; lastKnownFileType = sourcecode.swift; path = ItemFeature.swift; sourceTree = "<group>"; };
		2CF8790A2A1293B9008B2AA8 /* Info.plist */ = {isa = PBXFileReference; lastKnownFileType = text.plist; path = Info.plist; sourceTree = "<group>"; };
/* End PBXFileReference section */

/* Begin PBXFrameworksBuildPhase section */
		2CF878D32A0507DD008B2AA8 /* Frameworks */ = {
			isa = PBXFrameworksBuildPhase;
			buildActionMask = 2147483647;
			files = (
				2CF878E92A05088A008B2AA8 /* ComposableArchitecture in Frameworks */,
			);
			runOnlyForDeploymentPostprocessing = 0;
		};
		2CF878F02A051045008B2AA8 /* Frameworks */ = {
			isa = PBXFrameworksBuildPhase;
			buildActionMask = 2147483647;
			files = (
			);
			runOnlyForDeploymentPostprocessing = 0;
		};
/* End PBXFrameworksBuildPhase section */

/* Begin PBXGroup section */
		2CF878CD2A0507DD008B2AA8 = {
			isa = PBXGroup;
			children = (
				2CF878D82A0507DD008B2AA8 /* NewTCAExample */,
				2CF878F42A051045008B2AA8 /* NewTCAExampleTests */,
				2CF878D72A0507DD008B2AA8 /* Products */,
			);
			sourceTree = "<group>";
		};
		2CF878D72A0507DD008B2AA8 /* Products */ = {
			isa = PBXGroup;
			children = (
				2CF878D62A0507DD008B2AA8 /* NewTCAExample.app */,
				2CF878F32A051045008B2AA8 /* NewTCAExampleTests.xctest */,
			);
			name = Products;
			sourceTree = "<group>";
		};
		2CF878D82A0507DD008B2AA8 /* NewTCAExample */ = {
			isa = PBXGroup;
			children = (
				2CF8790A2A1293B9008B2AA8 /* Info.plist */,
				2CF878D92A0507DD008B2AA8 /* NewTCAExampleApp.swift */,
				2CF878FC2A05187A008B2AA8 /* Root.swift */,
				2CF878FE2A0525F6008B2AA8 /* NavigationFeature.swift */,
				2CF879002A098FBD008B2AA8 /* StackNavFeature.swift */,
				2CF879022A0A1E72008B2AA8 /* ItemFeature.swift */,
				2CF878DD2A0507DE008B2AA8 /* Assets.xcassets */,
				2CF878DF2A0507DE008B2AA8 /* Preview Content */,
			);
			path = NewTCAExample;
			sourceTree = "<group>";
		};
		2CF878DF2A0507DE008B2AA8 /* Preview Content */ = {
			isa = PBXGroup;
			children = (
				2CF878E02A0507DE008B2AA8 /* Preview Assets.xcassets */,
			);
			path = "Preview Content";
			sourceTree = "<group>";
		};
		2CF878F42A051045008B2AA8 /* NewTCAExampleTests */ = {
			isa = PBXGroup;
			children = (
				2CF878F52A051045008B2AA8 /* NewTCAExampleTests.swift */,
			);
			path = NewTCAExampleTests;
			sourceTree = "<group>";
		};
/* End PBXGroup section */

/* Begin PBXNativeTarget section */
		2CF878D52A0507DD008B2AA8 /* NewTCAExample */ = {
			isa = PBXNativeTarget;
			buildConfigurationList = 2CF878E42A0507DE008B2AA8 /* Build configuration list for PBXNativeTarget "NewTCAExample" */;
			buildPhases = (
				2CF878D22A0507DD008B2AA8 /* Sources */,
				2CF878D32A0507DD008B2AA8 /* Frameworks */,
				2CF878D42A0507DD008B2AA8 /* Resources */,
			);
			buildRules = (
			);
			dependencies = (
			);
			name = NewTCAExample;
			packageProductDependencies = (
				2CF878E82A05088A008B2AA8 /* ComposableArchitecture */,
			);
			productName = NewTCAExample;
			productReference = 2CF878D62A0507DD008B2AA8 /* NewTCAExample.app */;
			productType = "com.apple.product-type.application";
		};
		2CF878F22A051045008B2AA8 /* NewTCAExampleTests */ = {
			isa = PBXNativeTarget;
			buildConfigurationList = 2CF878F92A051045008B2AA8 /* Build configuration list for PBXNativeTarget "NewTCAExampleTests" */;
			buildPhases = (
				2CF878EF2A051045008B2AA8 /* Sources */,
				2CF878F02A051045008B2AA8 /* Frameworks */,
				2CF878F12A051045008B2AA8 /* Resources */,
			);
			buildRules = (
			);
			dependencies = (
				2CF878F82A051045008B2AA8 /* PBXTargetDependency */,
			);
			name = NewTCAExampleTests;
			productName = NewTCAExampleTests;
			productReference = 2CF878F32A051045008B2AA8 /* NewTCAExampleTests.xctest */;
			productType = "com.apple.product-type.bundle.unit-test";
		};
/* End PBXNativeTarget section */

/* Begin PBXProject section */
		2CF878CE2A0507DD008B2AA8 /* Project object */ = {
			isa = PBXProject;
			attributes = {
				BuildIndependentTargetsInParallel = 1;
				LastSwiftUpdateCheck = 1430;
				LastUpgradeCheck = 1430;
				TargetAttributes = {
					2CF878D52A0507DD008B2AA8 = {
						CreatedOnToolsVersion = 14.3;
					};
					2CF878F22A051045008B2AA8 = {
						CreatedOnToolsVersion = 14.3;
						TestTargetID = 2CF878D52A0507DD008B2AA8;
					};
				};
			};
			buildConfigurationList = 2CF878D12A0507DD008B2AA8 /* Build configuration list for PBXProject "NewTCAExample" */;
			compatibilityVersion = "Xcode 14.0";
			developmentRegion = en;
			hasScannedForEncodings = 0;
			knownRegions = (
				en,
				Base,
			);
			mainGroup = 2CF878CD2A0507DD008B2AA8;
			packageReferences = (
				2CF878E72A05088A008B2AA8 /* XCRemoteSwiftPackageReference "swift-composable-architecture" */,
			);
			productRefGroup = 2CF878D72A0507DD008B2AA8 /* Products */;
			projectDirPath = "";
			projectRoot = "";
			targets = (
				2CF878D52A0507DD008B2AA8 /* NewTCAExample */,
				2CF878F22A051045008B2AA8 /* NewTCAExampleTests */,
			);
		};
/* End PBXProject section */

/* Begin PBXResourcesBuildPhase section */
		2CF878D42A0507DD008B2AA8 /* Resources */ = {
			isa = PBXResourcesBuildPhase;
			buildActionMask = 2147483647;
			files = (
				2CF878E12A0507DE008B2AA8 /* Preview Assets.xcassets in Resources */,
				2CF878DE2A0507DE008B2AA8 /* Assets.xcassets in Resources */,
			);
			runOnlyForDeploymentPostprocessing = 0;
		};
		2CF878F12A051045008B2AA8 /* Resources */ = {
			isa = PBXResourcesBuildPhase;
			buildActionMask = 2147483647;
			files = (
			);
			runOnlyForDeploymentPostprocessing = 0;
		};
/* End PBXResourcesBuildPhase section */

/* Begin PBXSourcesBuildPhase section */
		2CF878D22A0507DD008B2AA8 /* Sources */ = {
			isa = PBXSourcesBuildPhase;
			buildActionMask = 2147483647;
			files = (
				2CF879012A098FBD008B2AA8 /* StackNavFeature.swift in Sources */,
				2CF878FF2A0525F6008B2AA8 /* NavigationFeature.swift in Sources */,
				2CF879032A0A1E72008B2AA8 /* ItemFeature.swift in Sources */,
				2CF878FD2A05187A008B2AA8 /* Root.swift in Sources */,
				2CF878DA2A0507DD008B2AA8 /* NewTCAExampleApp.swift in Sources */,
			);
			runOnlyForDeploymentPostprocessing = 0;
		};
		2CF878EF2A051045008B2AA8 /* Sources */ = {
			isa = PBXSourcesBuildPhase;
			buildActionMask = 2147483647;
			files = (
				2CF878F62A051045008B2AA8 /* NewTCAExampleTests.swift in Sources */,
			);
			runOnlyForDeploymentPostprocessing = 0;
		};
/* End PBXSourcesBuildPhase section */

/* Begin PBXTargetDependency section */
		2CF878F82A051045008B2AA8 /* PBXTargetDependency */ = {
			isa = PBXTargetDependency;
			target = 2CF878D52A0507DD008B2AA8 /* NewTCAExample */;
			targetProxy = 2CF878F72A051045008B2AA8 /* PBXContainerItemProxy */;
		};
/* End PBXTargetDependency section */

/* Begin XCBuildConfiguration section */
		2CF878E22A0507DE008B2AA8 /* Debug */ = {
			isa = XCBuildConfiguration;
			buildSettings = {
				ALWAYS_SEARCH_USER_PATHS = NO;
				CLANG_ANALYZER_NONNULL = YES;
				CLANG_ANALYZER_NUMBER_OBJECT_CONVERSION = YES_AGGRESSIVE;
				CLANG_CXX_LANGUAGE_STANDARD = "gnu++20";
				CLANG_ENABLE_MODULES = YES;
				CLANG_ENABLE_OBJC_ARC = YES;
				CLANG_ENABLE_OBJC_WEAK = YES;
				CLANG_WARN_BLOCK_CAPTURE_AUTORELEASING = YES;
				CLANG_WARN_BOOL_CONVERSION = YES;
				CLANG_WARN_COMMA = YES;
				CLANG_WARN_CONSTANT_CONVERSION = YES;
				CLANG_WARN_DEPRECATED_OBJC_IMPLEMENTATIONS = YES;
				CLANG_WARN_DIRECT_OBJC_ISA_USAGE = YES_ERROR;
				CLANG_WARN_DOCUMENTATION_COMMENTS = YES;
				CLANG_WARN_EMPTY_BODY = YES;
				CLANG_WARN_ENUM_CONVERSION = YES;
				CLANG_WARN_INFINITE_RECURSION = YES;
				CLANG_WARN_INT_CONVERSION = YES;
				CLANG_WARN_NON_LITERAL_NULL_CONVERSION = YES;
				CLANG_WARN_OBJC_IMPLICIT_RETAIN_SELF = YES;
				CLANG_WARN_OBJC_LITERAL_CONVERSION = YES;
				CLANG_WARN_OBJC_ROOT_CLASS = YES_ERROR;
				CLANG_WARN_QUOTED_INCLUDE_IN_FRAMEWORK_HEADER = YES;
				CLANG_WARN_RANGE_LOOP_ANALYSIS = YES;
				CLANG_WARN_STRICT_PROTOTYPES = YES;
				CLANG_WARN_SUSPICIOUS_MOVE = YES;
				CLANG_WARN_UNGUARDED_AVAILABILITY = YES_AGGRESSIVE;
				CLANG_WARN_UNREACHABLE_CODE = YES;
				CLANG_WARN__DUPLICATE_METHOD_MATCH = YES;
				COPY_PHASE_STRIP = NO;
				DEBUG_INFORMATION_FORMAT = dwarf;
				ENABLE_STRICT_OBJC_MSGSEND = YES;
				ENABLE_TESTABILITY = YES;
				GCC_C_LANGUAGE_STANDARD = gnu11;
				GCC_DYNAMIC_NO_PIC = NO;
				GCC_NO_COMMON_BLOCKS = YES;
				GCC_OPTIMIZATION_LEVEL = 0;
				GCC_PREPROCESSOR_DEFINITIONS = (
					"DEBUG=1",
					"$(inherited)",
				);
				GCC_WARN_64_TO_32_BIT_CONVERSION = YES;
				GCC_WARN_ABOUT_RETURN_TYPE = YES_ERROR;
				GCC_WARN_UNDECLARED_SELECTOR = YES;
				GCC_WARN_UNINITIALIZED_AUTOS = YES_AGGRESSIVE;
				GCC_WARN_UNUSED_FUNCTION = YES;
				GCC_WARN_UNUSED_VARIABLE = YES;
				IPHONEOS_DEPLOYMENT_TARGET = 16.4;
				MTL_ENABLE_DEBUG_INFO = INCLUDE_SOURCE;
				MTL_FAST_MATH = YES;
				ONLY_ACTIVE_ARCH = YES;
				SDKROOT = iphoneos;
				SWIFT_ACTIVE_COMPILATION_CONDITIONS = DEBUG;
				SWIFT_OPTIMIZATION_LEVEL = "-Onone";
			};
			name = Debug;
		};
		2CF878E32A0507DE008B2AA8 /* Release */ = {
			isa = XCBuildConfiguration;
			buildSettings = {
				ALWAYS_SEARCH_USER_PATHS = NO;
				CLANG_ANALYZER_NONNULL = YES;
				CLANG_ANALYZER_NUMBER_OBJECT_CONVERSION = YES_AGGRESSIVE;
				CLANG_CXX_LANGUAGE_STANDARD = "gnu++20";
				CLANG_ENABLE_MODULES = YES;
				CLANG_ENABLE_OBJC_ARC = YES;
				CLANG_ENABLE_OBJC_WEAK = YES;
				CLANG_WARN_BLOCK_CAPTURE_AUTORELEASING = YES;
				CLANG_WARN_BOOL_CONVERSION = YES;
				CLANG_WARN_COMMA = YES;
				CLANG_WARN_CONSTANT_CONVERSION = YES;
				CLANG_WARN_DEPRECATED_OBJC_IMPLEMENTATIONS = YES;
				CLANG_WARN_DIRECT_OBJC_ISA_USAGE = YES_ERROR;
				CLANG_WARN_DOCUMENTATION_COMMENTS = YES;
				CLANG_WARN_EMPTY_BODY = YES;
				CLANG_WARN_ENUM_CONVERSION = YES;
				CLANG_WARN_INFINITE_RECURSION = YES;
				CLANG_WARN_INT_CONVERSION = YES;
				CLANG_WARN_NON_LITERAL_NULL_CONVERSION = YES;
				CLANG_WARN_OBJC_IMPLICIT_RETAIN_SELF = YES;
				CLANG_WARN_OBJC_LITERAL_CONVERSION = YES;
				CLANG_WARN_OBJC_ROOT_CLASS = YES_ERROR;
				CLANG_WARN_QUOTED_INCLUDE_IN_FRAMEWORK_HEADER = YES;
				CLANG_WARN_RANGE_LOOP_ANALYSIS = YES;
				CLANG_WARN_STRICT_PROTOTYPES = YES;
				CLANG_WARN_SUSPICIOUS_MOVE = YES;
				CLANG_WARN_UNGUARDED_AVAILABILITY = YES_AGGRESSIVE;
				CLANG_WARN_UNREACHABLE_CODE = YES;
				CLANG_WARN__DUPLICATE_METHOD_MATCH = YES;
				COPY_PHASE_STRIP = NO;
				DEBUG_INFORMATION_FORMAT = "dwarf-with-dsym";
				ENABLE_NS_ASSERTIONS = NO;
				ENABLE_STRICT_OBJC_MSGSEND = YES;
				GCC_C_LANGUAGE_STANDARD = gnu11;
				GCC_NO_COMMON_BLOCKS = YES;
				GCC_WARN_64_TO_32_BIT_CONVERSION = YES;
				GCC_WARN_ABOUT_RETURN_TYPE = YES_ERROR;
				GCC_WARN_UNDECLARED_SELECTOR = YES;
				GCC_WARN_UNINITIALIZED_AUTOS = YES_AGGRESSIVE;
				GCC_WARN_UNUSED_FUNCTION = YES;
				GCC_WARN_UNUSED_VARIABLE = YES;
				IPHONEOS_DEPLOYMENT_TARGET = 16.4;
				MTL_ENABLE_DEBUG_INFO = NO;
				MTL_FAST_MATH = YES;
				SDKROOT = iphoneos;
				SWIFT_COMPILATION_MODE = wholemodule;
				SWIFT_OPTIMIZATION_LEVEL = "-O";
				VALIDATE_PRODUCT = YES;
			};
			name = Release;
		};
		2CF878E52A0507DE008B2AA8 /* Debug */ = {
			isa = XCBuildConfiguration;
			buildSettings = {
				ASSETCATALOG_COMPILER_APPICON_NAME = AppIcon;
				ASSETCATALOG_COMPILER_GLOBAL_ACCENT_COLOR_NAME = AccentColor;
				CODE_SIGN_STYLE = Automatic;
				CURRENT_PROJECT_VERSION = 1;
				DEVELOPMENT_ASSET_PATHS = "\"NewTCAExample/Preview Content\"";
				ENABLE_PREVIEWS = YES;
				GENERATE_INFOPLIST_FILE = YES;
				INFOPLIST_FILE = NewTCAExample/Info.plist;
				INFOPLIST_KEY_UIApplicationSceneManifest_Generation = YES;
				INFOPLIST_KEY_UIApplicationSupportsIndirectInputEvents = YES;
				INFOPLIST_KEY_UILaunchScreen_Generation = YES;
				INFOPLIST_KEY_UISupportedInterfaceOrientations_iPad = "";
				INFOPLIST_KEY_UISupportedInterfaceOrientations_iPhone = "UIInterfaceOrientationPortrait UIInterfaceOrientationLandscapeLeft UIInterfaceOrientationLandscapeRight";
				LD_RUNPATH_SEARCH_PATHS = (
					"$(inherited)",
					"@executable_path/Frameworks",
				);
				MARKETING_VERSION = 1.0;
				PRODUCT_BUNDLE_IDENTIFIER = none.NewTCAExample;
				PRODUCT_NAME = "$(TARGET_NAME)";
				SWIFT_EMIT_LOC_STRINGS = YES;
				SWIFT_VERSION = 5.0;
				TARGETED_DEVICE_FAMILY = "1,2";
			};
			name = Debug;
		};
		2CF878E62A0507DE008B2AA8 /* Release */ = {
			isa = XCBuildConfiguration;
			buildSettings = {
				ASSETCATALOG_COMPILER_APPICON_NAME = AppIcon;
				ASSETCATALOG_COMPILER_GLOBAL_ACCENT_COLOR_NAME = AccentColor;
				CODE_SIGN_STYLE = Automatic;
				CURRENT_PROJECT_VERSION = 1;
				DEVELOPMENT_ASSET_PATHS = "\"NewTCAExample/Preview Content\"";
				ENABLE_PREVIEWS = YES;
				GENERATE_INFOPLIST_FILE = YES;
				INFOPLIST_FILE = NewTCAExample/Info.plist;
				INFOPLIST_KEY_UIApplicationSceneManifest_Generation = YES;
				INFOPLIST_KEY_UIApplicationSupportsIndirectInputEvents = YES;
				INFOPLIST_KEY_UILaunchScreen_Generation = YES;
				INFOPLIST_KEY_UISupportedInterfaceOrientations_iPad = "";
				INFOPLIST_KEY_UISupportedInterfaceOrientations_iPhone = "UIInterfaceOrientationPortrait UIInterfaceOrientationLandscapeLeft UIInterfaceOrientationLandscapeRight";
				LD_RUNPATH_SEARCH_PATHS = (
					"$(inherited)",
					"@executable_path/Frameworks",
				);
				MARKETING_VERSION = 1.0;
				PRODUCT_BUNDLE_IDENTIFIER = none.NewTCAExample;
				PRODUCT_NAME = "$(TARGET_NAME)";
				SWIFT_EMIT_LOC_STRINGS = YES;
				SWIFT_VERSION = 5.0;
				TARGETED_DEVICE_FAMILY = "1,2";
			};
			name = Release;
		};
		2CF878FA2A051045008B2AA8 /* Debug */ = {
			isa = XCBuildConfiguration;
			buildSettings = {
				BUNDLE_LOADER = "$(TEST_HOST)";
				CODE_SIGN_STYLE = Automatic;
				CURRENT_PROJECT_VERSION = 1;
				GENERATE_INFOPLIST_FILE = YES;
				MARKETING_VERSION = 1.0;
				PRODUCT_BUNDLE_IDENTIFIER = none.NewTCAExampleTests;
				PRODUCT_NAME = "$(TARGET_NAME)";
				SWIFT_EMIT_LOC_STRINGS = NO;
				SWIFT_VERSION = 5.0;
				TARGETED_DEVICE_FAMILY = "1,2";
				TEST_HOST = "$(BUILT_PRODUCTS_DIR)/NewTCAExample.app/$(BUNDLE_EXECUTABLE_FOLDER_PATH)/NewTCAExample";
			};
			name = Debug;
		};
		2CF878FB2A051045008B2AA8 /* Release */ = {
			isa = XCBuildConfiguration;
			buildSettings = {
				BUNDLE_LOADER = "$(TEST_HOST)";
				CODE_SIGN_STYLE = Automatic;
				CURRENT_PROJECT_VERSION = 1;
				GENERATE_INFOPLIST_FILE = YES;
				MARKETING_VERSION = 1.0;
				PRODUCT_BUNDLE_IDENTIFIER = none.NewTCAExampleTests;
				PRODUCT_NAME = "$(TARGET_NAME)";
				SWIFT_EMIT_LOC_STRINGS = NO;
				SWIFT_VERSION = 5.0;
				TARGETED_DEVICE_FAMILY = "1,2";
				TEST_HOST = "$(BUILT_PRODUCTS_DIR)/NewTCAExample.app/$(BUNDLE_EXECUTABLE_FOLDER_PATH)/NewTCAExample";
			};
			name = Release;
		};
/* End XCBuildConfiguration section */

/* Begin XCConfigurationList section */
		2CF878D12A0507DD008B2AA8 /* Build configuration list for PBXProject "NewTCAExample" */ = {
			isa = XCConfigurationList;
			buildConfigurations = (
				2CF878E22A0507DE008B2AA8 /* Debug */,
				2CF878E32A0507DE008B2AA8 /* Release */,
			);
			defaultConfigurationIsVisible = 0;
			defaultConfigurationName = Release;
		};
		2CF878E42A0507DE008B2AA8 /* Build configuration list for PBXNativeTarget "NewTCAExample" */ = {
			isa = XCConfigurationList;
			buildConfigurations = (
				2CF878E52A0507DE008B2AA8 /* Debug */,
				2CF878E62A0507DE008B2AA8 /* Release */,
			);
			defaultConfigurationIsVisible = 0;
			defaultConfigurationName = Release;
		};
		2CF878F92A051045008B2AA8 /* Build configuration list for PBXNativeTarget "NewTCAExampleTests" */ = {
			isa = XCConfigurationList;
			buildConfigurations = (
				2CF878FA2A051045008B2AA8 /* Debug */,
				2CF878FB2A051045008B2AA8 /* Release */,
			);
			defaultConfigurationIsVisible = 0;
			defaultConfigurationName = Release;
		};
/* End XCConfigurationList section */

/* Begin XCRemoteSwiftPackageReference section */
		2CF878E72A05088A008B2AA8 /* XCRemoteSwiftPackageReference "swift-composable-architecture" */ = {
			isa = XCRemoteSwiftPackageReference;
			repositoryURL = "https://github.com/pointfreeco/swift-composable-architecture.git";
			requirement = {
				branch = prerelease/1.0;
				kind = branch;
			};
		};
/* End XCRemoteSwiftPackageReference section */

/* Begin XCSwiftPackageProductDependency section */
		2CF878E82A05088A008B2AA8 /* ComposableArchitecture */ = {
			isa = XCSwiftPackageProductDependency;
			package = 2CF878E72A05088A008B2AA8 /* XCRemoteSwiftPackageReference "swift-composable-architecture" */;
			productName = ComposableArchitecture;
		};
/* End XCSwiftPackageProductDependency section */
	};
	rootObject = 2CF878CE2A0507DD008B2AA8 /* Project object */;
}
